<?xml version="1.0" encoding="utf-8"?>
<Project ToolsVersion="4.0" xmlns="http://schemas.microsoft.com/developer/msbuild/2003">
  <ItemGroup>
    <Filter Include="Fonts">
      <UniqueIdentifier>{67DA6AB6-F800-4c08-8B7A-83BB121AAD01}</UniqueIdentifier>
      <Extensions>rc;ico;cur;bmp;dlg;rc2;rct;bin;rgs;gif;jpg;jpeg;jpe;resx;tiff;tif;png;wav;mfcribbon-ms</Extensions>
    </Filter>
    <Filter Include="Source Code">
      <UniqueIdentifier>{c90e6caf-6f58-423b-914a-baffc7778cd6}</UniqueIdentifier>
    </Filter>
    <Filter Include="Source Code\Source Files">
      <UniqueIdentifier>{4FC737F1-C7A5-4376-A066-2A32D752A2FF}</UniqueIdentifier>
      <Extensions>cpp;c;cc;cxx;def;odl;idl;hpj;bat;asm;asmx</Extensions>
    </Filter>
    <Filter Include="Source Code\Source Files\COMMON">
      <UniqueIdentifier>{d2a179d6-31f2-47af-a86e-5c19587a0981}</UniqueIdentifier>
    </Filter>
    <Filter Include="Source Code\Source Files\SCUF">
      <UniqueIdentifier>{7b1bddd2-59ad-4886-a7e8-c825a960bf65}</UniqueIdentifier>
    </Filter>
    <Filter Include="Source Code\Source Files\SCUW">
      <UniqueIdentifier>{923ffebd-870d-4e45-91a6-c67d155b6e21}</UniqueIdentifier>
    </Filter>
    <Filter Include="Source Code\Source Files\SCUP">
      <UniqueIdentifier>{bb68eae4-6567-4879-956a-dcbab1b84880}</UniqueIdentifier>
    </Filter>
    <Filter Include="Source Code\Header Files">
      <UniqueIdentifier>{93995380-89BD-4b04-88EB-625FBE52EBFB}</UniqueIdentifier>
      <Extensions>h;hh;hpp;hxx;hm;inl;inc;xsd</Extensions>
    </Filter>
    <Filter Include="Source Code\Header Files\COMMON">
      <UniqueIdentifier>{41d8880b-0f38-4eaf-be3f-c0a356387d39}</UniqueIdentifier>
    </Filter>
    <Filter Include="Source Code\Header Files\SCUP">
      <UniqueIdentifier>{d01f9713-77f1-46d1-8bcc-42a48b4d9131}</UniqueIdentifier>
    </Filter>
    <Filter Include="Source Code\Header Files\SCUW">
      <UniqueIdentifier>{a8b4f8c8-83c7-41bf-80d6-067654624175}</UniqueIdentifier>
    </Filter>
    <Filter Include="Source Code\Header Files\SCUF">
      <UniqueIdentifier>{03969fcb-a7aa-4d57-b9bb-d38709fff6db}</UniqueIdentifier>
    </Filter>
    <Filter Include="Documents">
      <UniqueIdentifier>{df3c1deb-ea8f-46d5-9928-c45dc853fcde}</UniqueIdentifier>
    </Filter>
    <Filter Include="Settings">
      <UniqueIdentifier>{6e9a220d-a05b-411a-a9fb-c490ff3e556f}</UniqueIdentifier>
    </Filter>
    <Filter Include="Make Files">
      <UniqueIdentifier>{6fa3afe9-de49-4b77-b893-6f7662f1923a}</UniqueIdentifier>
    </Filter>
    <Filter Include="Make Files\SCUW">
      <UniqueIdentifier>{6ff3ae13-0fca-4206-a79d-d06f25ab3143}</UniqueIdentifier>
    </Filter>
    <Filter Include="Make Files\COMMON">
      <UniqueIdentifier>{75c154b7-e1f4-4ac7-9f38-bb3260087097}</UniqueIdentifier>
    </Filter>
    <Filter Include="Make Files\SCUP">
      <UniqueIdentifier>{fac8086c-c225-432c-88dc-4f1a460ec334}</UniqueIdentifier>
    </Filter>
    <Filter Include="Make Files\SCUF">
      <UniqueIdentifier>{bc53a04d-5bf0-42c1-a700-2c02c83752fe}</UniqueIdentifier>
    </Filter>
    <Filter Include="Source Code\Source Files\SCUW\THAISYLS">
      <UniqueIdentifier>{a6e1ee76-dda3-4a33-a96d-bc3ad69da171}</UniqueIdentifier>
    </Filter>
    <Filter Include="Source Code\Header Files\SCUW\THAISYLS">
      <UniqueIdentifier>{519d8861-3eac-44ae-ba85-cb0828959a5b}</UniqueIdentifier>
    </Filter>
    <Filter Include="Make Files\SCUW\THAISYLS">
      <UniqueIdentifier>{7ac908ec-97cc-492f-b165-6cd636b77bd7}</UniqueIdentifier>
    </Filter>
  </ItemGroup>
  <ItemGroup>
    <None Include="ITALIC.FON">
      <Filter>Fonts</Filter>
    </None>
    <None Include="NORMAL.FON">
      <Filter>Fonts</Filter>
    </None>
    <None Include="ITALIC.P9">
      <Filter>Fonts</Filter>
    </None>
    <None Include="ITALICS.P9">
      <Filter>Fonts</Filter>
    </None>
    <None Include="NORMAL.P9">
      <Filter>Fonts</Filter>
    </None>
    <None Include="NORMALS.P9">
      <Filter>Fonts</Filter>
    </None>
    <None Include="ITALIC.P24">
      <Filter>Fonts</Filter>
    </None>
    <None Include="ITALICS.P24">
      <Filter>Fonts</Filter>
    </None>
    <None Include="NORMAL.P24">
      <Filter>Fonts</Filter>
    </None>
    <None Include="NORMALS.P24">
      <Filter>Fonts</Filter>
    </None>
    <None Include="ITALIC.PRN">
      <Filter>Fonts</Filter>
    </None>
    <None Include="ITALICS.PRN">
      <Filter>Fonts</Filter>
    </None>
    <None Include="NORMAL.PRN">
      <Filter>Fonts</Filter>
    </None>
    <None Include="NORMALS.PRN">
      <Filter>Fonts</Filter>
    </None>
    <None Include="README.md">
      <Filter>Documents</Filter>
    </None>
    <None Include="TAX.DOC">
      <Filter>Documents</Filter>
    </None>
    <None Include="TEST.DOC">
      <Filter>Documents</Filter>
    </None>
    <None Include="TW.CFG">
      <Filter>Settings</Filter>
    </None>
    <None Include="TWPRINT.CFG">
      <Filter>Settings</Filter>
    </None>
    <None Include="LICENSE">
      <Filter>Documents</Filter>
    </None>
    <None Include="SRC\COMMON\ADISP.ASM">
      <Filter>Source Code\Source Files\COMMON</Filter>
    </None>
    <None Include="SRC\COMMON\CWFNTAM.ASM">
      <Filter>Source Code\Source Files\COMMON</Filter>
    </None>
    <None Include="SRC\COMMON\CWFNTHM.ASM">
      <Filter>Source Code\Source Files\COMMON</Filter>
    </None>
    <None Include="SRC\COMMON\CWFNTM.ASM">
      <Filter>Source Code\Source Files\COMMON</Filter>
    </None>
    <None Include="SRC\COMMON\EDISP.ASM">
      <Filter>Source Code\Source Files\COMMON</Filter>
    </None>
    <None Include="SRC\COMMON\HDISP.ASM">
      <Filter>Source Code\Source Files\COMMON</Filter>
    </None>
    <None Include="SRC\COMMON\MAKEFILE.MAK">
      <Filter>Make Files\COMMON</Filter>
    </None>
    <None Include="SRC\SCUW\MAKEFILE.MAK">
      <Filter>Make Files\SCUW</Filter>
    </None>
    <None Include="SRC\SCUW\SCUW.TLR">
      <Filter>Make Files\SCUW</Filter>
    </None>
    <None Include="SRC\CLEAN.BAT">
      <Filter>Make Files</Filter>
    </None>
    <None Include="SRC\MAKE.BAT">
      <Filter>Make Files</Filter>
    </None>
    <None Include="SRC\SCUW\THAISYLS\MAKEFILE.MAK">
      <Filter>Make Files\SCUW\THAISYLS</Filter>
    </None>
    <None Include="SRC\SCUF\MAKEFILE.MAK">
      <Filter>Make Files\SCUF</Filter>
    </None>
    <None Include="SRC\SCUF\SCUF.TLR">
      <Filter>Make Files\SCUF</Filter>
    </None>
    <None Include="SRC\SCUP\MAKEFILE.MAK">
      <Filter>Make Files\SCUP</Filter>
    </None>
    <None Include="SRC\SCUP\SCUP.TLR">
      <Filter>Make Files\SCUP</Filter>
    </None>
  </ItemGroup>
  <ItemGroup>
    <ClInclude Include="SRC\COMMON\CONST.H">
      <Filter>Source Code\Header Files\COMMON</Filter>
    </ClInclude>
    <ClInclude Include="SRC\COMMON\CWGRPHC.H">
      <Filter>Source Code\Header Files\COMMON</Filter>
    </ClInclude>
    <ClInclude Include="SRC\COMMON\CWTYPE.H">
      <Filter>Source Code\Header Files\COMMON</Filter>
    </ClInclude>
    <ClInclude Include="SRC\COMMON\FILEUTIL.H">
      <Filter>Source Code\Header Files\COMMON</Filter>
    </ClInclude>
    <ClInclude Include="SRC\COMMON\GRDETECT.H">
      <Filter>Source Code\Header Files\COMMON</Filter>
    </ClInclude>
    <ClInclude Include="SRC\COMMON\KBDCODE.H">
      <Filter>Source Code\Header Files\COMMON</Filter>
    </ClInclude>
    <ClInclude Include="SRC\SCUP\24PINS.H">
      <Filter>Source Code\Header Files\SCUP</Filter>
    </ClInclude>
    <ClInclude Include="SRC\SCUP\CONST.H">
      <Filter>Source Code\Header Files\SCUP</Filter>
    </ClInclude>
    <ClInclude Include="SRC\SCUP\CPTHAI.H">
      <Filter>Source Code\Header Files\SCUP</Filter>
    </ClInclude>
    <ClInclude Include="SRC\SCUP\CUPTYPE.H">
      <Filter>Source Code\Header Files\SCUP</Filter>
    </ClInclude>
    <ClInclude Include="SRC\SCUP\FUNCMAC.H">
      <Filter>Source Code\Header Files\SCUP</Filter>
    </ClInclude>
    <ClInclude Include="SRC\SCUP\INC.H">
      <Filter>Source Code\Header Files\SCUP</Filter>
    </ClInclude>
    <ClInclude Include="SRC\SCUP\TABLE.H">
      <Filter>Source Code\Header Files\SCUP</Filter>
    </ClInclude>
    <ClInclude Include="SRC\SCUF\CONST.H">
      <Filter>Source Code\Header Files\SCUF</Filter>
    </ClInclude>
    <ClInclude Include="SRC\SCUF\FED.H">
      <Filter>Source Code\Header Files\SCUF</Filter>
    </ClInclude>
    <ClInclude Include="SRC\SCUF\FONTMSG.H">
      <Filter>Source Code\Header Files\SCUF</Filter>
    </ClInclude>
    <ClInclude Include="SRC\SCUF\GETCH.H">
      <Filter>Source Code\Header Files\SCUF</Filter>
    </ClInclude>
    <ClInclude Include="SRC\SCUF\KEY.H">
      <Filter>Source Code\Header Files\SCUF</Filter>
    </ClInclude>
    <ClInclude Include="SRC\SCUF\POPUP.H">
      <Filter>Source Code\Header Files\SCUF</Filter>
    </ClInclude>
    <ClInclude Include="SRC\SCUF\VAR.H">
      <Filter>Source Code\Header Files\SCUF</Filter>
    </ClInclude>
    <ClInclude Include="SRC\SCUF\WRITE.H">
      <Filter>Source Code\Header Files\SCUF</Filter>
    </ClInclude>
    <ClInclude Include="SRC\SCUW\CONST.H">
      <Filter>Source Code\Header Files\SCUW</Filter>
    </ClInclude>
    <ClInclude Include="SRC\SCUW\CONVERT.H">
      <Filter>Source Code\Header Files\SCUW</Filter>
    </ClInclude>
    <ClInclude Include="SRC\SCUW\TCTYPE.H">
      <Filter>Source Code\Header Files\SCUW</Filter>
    </ClInclude>
    <ClInclude Include="SRC\SCUW\THAI.H">
      <Filter>Source Code\Header Files\SCUW</Filter>
    </ClInclude>
    <ClInclude Include="SRC\SCUW\VAR.H">
      <Filter>Source Code\Header Files\SCUW</Filter>
    </ClInclude>
    <ClInclude Include="SRC\COMMON\CSCRN.H">
      <Filter>Source Code\Header Files\COMMON</Filter>
    </ClInclude>
    <ClInclude Include="SRC\COMMON\SOUND.H">
      <Filter>Source Code\Header Files\COMMON</Filter>
    </ClInclude>
    <ClInclude Include="SRC\COMMON\CUSONG.H">
      <Filter>Source Code\Header Files\COMMON</Filter>
    </ClInclude>
    <ClInclude Include="SRC\COMMON\EKBD.H">
      <Filter>Source Code\Header Files\COMMON</Filter>
    </ClInclude>
    <ClInclude Include="SRC\COMMON\GRPHC.H">
      <Filter>Source Code\Header Files\COMMON</Filter>
    </ClInclude>
    <ClInclude Include="SRC\COMMON\DIR.H">
      <Filter>Source Code\Header Files\COMMON</Filter>
    </ClInclude>
    <ClInclude Include="SRC\SCUW\CW.H">
      <Filter>Source Code\Header Files\SCUW</Filter>
    </ClInclude>
    <ClInclude Include="SRC\SCUW\BLOCK.H">
      <Filter>Source Code\Header Files\SCUW</Filter>
    </ClInclude>
    <ClInclude Include="SRC\SCUW\KBD.H">
      <Filter>Source Code\Header Files\SCUW</Filter>
    </ClInclude>
    <ClInclude Include="SRC\SCUW\SCRN.H">
      <Filter>Source Code\Header Files\SCUW</Filter>
    </ClInclude>
    <ClInclude Include="SRC\SCUW\CWSETUP.H">
      <Filter>Source Code\Header Files\SCUW</Filter>
    </ClInclude>
    <ClInclude Include="SRC\SCUW\DEL.H">
      <Filter>Source Code\Header Files\SCUW</Filter>
    </ClInclude>
    <ClInclude Include="SRC\SCUW\EDIT.H">
      <Filter>Source Code\Header Files\SCUW</Filter>
    </ClInclude>
    <ClInclude Include="SRC\SCUW\MOVE.H">
      <Filter>Source Code\Header Files\SCUW</Filter>
    </ClInclude>
    <ClInclude Include="SRC\SCUW\WRAP.H">
      <Filter>Source Code\Header Files\SCUW</Filter>
    </ClInclude>
    <ClInclude Include="SRC\SCUW\TUTIL1.H">
      <Filter>Source Code\Header Files\SCUW</Filter>
    </ClInclude>
    <ClInclude Include="SRC\SCUW\FILE.H">
      <Filter>Source Code\Header Files\SCUW</Filter>
    </ClInclude>
    <ClInclude Include="SRC\SCUW\GETSTR.H">
      <Filter>Source Code\Header Files\SCUW</Filter>
    </ClInclude>
    <ClInclude Include="SRC\SCUW\INS.H">
      <Filter>Source Code\Header Files\SCUW</Filter>
    </ClInclude>
    <ClInclude Include="SRC\SCUW\STATUS.H">
      <Filter>Source Code\Header Files\SCUW</Filter>
    </ClInclude>
    <ClInclude Include="SRC\SCUW\MOVEMENT.H">
      <Filter>Source Code\Header Files\SCUW</Filter>
    </ClInclude>
    <ClInclude Include="SRC\SCUW\MENU.H">
      <Filter>Source Code\Header Files\SCUW</Filter>
    </ClInclude>
    <ClInclude Include="SRC\SCUW\ONSCRN.H">
      <Filter>Source Code\Header Files\SCUW</Filter>
    </ClInclude>
    <ClInclude Include="SRC\SCUW\SEARCH.H">
      <Filter>Source Code\Header Files\SCUW</Filter>
    </ClInclude>
    <ClInclude Include="SRC\SCUW\THAISYLS\MAINSYLS.H">
      <Filter>Source Code\Header Files\SCUW\THAISYLS</Filter>
    </ClInclude>
    <ClInclude Include="SRC\SCUW\GRPH.H">
      <Filter>Source Code\Header Files\SCUW</Filter>
    </ClInclude>
    <ClInclude Include="SRC\SCUW\THAISYLS\GLOBAL.H">
      <Filter>Source Code\Header Files\SCUW\THAISYLS</Filter>
    </ClInclude>
    <ClInclude Include="SRC\SCUW\THAISYLS\ROUTINE.H">
      <Filter>Source Code\Header Files\SCUW\THAISYLS</Filter>
    </ClInclude>
    <ClInclude Include="SRC\SCUF\CONVERT.H">
      <Filter>Source Code\Header Files\SCUF</Filter>
    </ClInclude>
    <ClInclude Include="SRC\SCUF\FILE.H">
      <Filter>Source Code\Header Files\SCUF</Filter>
    </ClInclude>
    <ClInclude Include="SRC\SCUF\TUTIL1.H">
      <Filter>Source Code\Header Files\SCUF</Filter>
    </ClInclude>
    <ClInclude Include="SRC\SCUP\GLOBAL.H">
      <Filter>Source Code\Header Files\SCUP</Filter>
    </ClInclude>
    <ClInclude Include="SRC\SCUP\PRINTVAR.H">
      <Filter>Source Code\Header Files\SCUP</Filter>
    </ClInclude>
    <ClInclude Include="SRC\SCUP\ERROR.H">
      <Filter>Source Code\Header Files\SCUP</Filter>
    </ClInclude>
    <ClInclude Include="SRC\SCUP\TUTIL1.H">
      <Filter>Source Code\Header Files\SCUP</Filter>
    </ClInclude>
    <ClInclude Include="SRC\SCUP\CUPSETUP.H">
      <Filter>Source Code\Header Files\SCUP</Filter>
    </ClInclude>
    <ClInclude Include="SRC\SCUP\PRTUTIL.H">
      <Filter>Source Code\Header Files\SCUP</Filter>
    </ClInclude>
    <ClInclude Include="SRC\SCUP\DOT.H">
      <Filter>Source Code\Header Files\SCUP</Filter>
    </ClInclude>
    <ClInclude Include="SRC\SCUP\PRNCNTRL.H">
      <Filter>Source Code\Header Files\SCUP</Filter>
    </ClInclude>
    <ClInclude Include="SRC\SCUP\PRINTING.H">
      <Filter>Source Code\Header Files\SCUP</Filter>
    </ClInclude>
    <ClInclude Include="SRC\SCUP\ATTR.H">
      <Filter>Source Code\Header Files\SCUP</Filter>
    </ClInclude>
    <ClInclude Include="SRC\SCUP\CPI.H">
      <Filter>Source Code\Header Files\SCUP</Filter>
    </ClInclude>
    <ClInclude Include="SRC\SCUP\GETSTR.H">
      <Filter>Source Code\Header Files\SCUP</Filter>
    </ClInclude>
    <ClInclude Include="SRC\SCUP\KBD.H">
      <Filter>Source Code\Header Files\SCUP</Filter>
    </ClInclude>
    <ClInclude Include="SRC\SCUP\PCONFIG.H">
      <Filter>Source Code\Header Files\SCUP</Filter>
    </ClInclude>
    <ClInclude Include="SRC\SCUP\PIC.H">
      <Filter>Source Code\Header Files\SCUP</Filter>
    </ClInclude>
    <ClInclude Include="SRC\SCUP\PMENU.H">
      <Filter>Source Code\Header Files\SCUP</Filter>
    </ClInclude>
    <ClInclude Include="SRC\SCUP\PRT.H">
      <Filter>Source Code\Header Files\SCUP</Filter>
    </ClInclude>
    <ClInclude Include="SRC\SCUP\PRTBUF24.H">
      <Filter>Source Code\Header Files\SCUP</Filter>
    </ClInclude>
    <ClInclude Include="SRC\SCUP\PRTG.H">
      <Filter>Source Code\Header Files\SCUP</Filter>
    </ClInclude>
    <ClInclude Include="SRC\SCUP\PRTT.H">
      <Filter>Source Code\Header Files\SCUP</Filter>
    </ClInclude>
    <ClInclude Include="SRC\SCUP\SMENU.H">
      <Filter>Source Code\Header Files\SCUP</Filter>
    </ClInclude>
  </ItemGroup>
  <ItemGroup>
    <ClCompile Include="SRC\COMMON\CSCRN.C">
      <Filter>Source Code\Source Files\COMMON</Filter>
    </ClCompile>
    <ClCompile Include="SRC\COMMON\CUSONG.C">
      <Filter>Source Code\Source Files\COMMON</Filter>
    </ClCompile>
    <ClCompile Include="SRC\COMMON\CWAGRPH.C">
      <Filter>Source Code\Source Files\COMMON</Filter>
    </ClCompile>
    <ClCompile Include="SRC\COMMON\CWEGRPH.C">
      <Filter>Source Code\Source Files\COMMON</Filter>
    </ClCompile>
    <ClCompile Include="SRC\COMMON\CWGRPHC.C">
      <Filter>Source Code\Source Files\COMMON</Filter>
    </ClCompile>
    <ClCompile Include="SRC\COMMON\DIR.C">
      <Filter>Source Code\Source Files\COMMON</Filter>
    </ClCompile>
    <ClCompile Include="SRC\COMMON\EKBD.C">
      <Filter>Source Code\Source Files\COMMON</Filter>
    </ClCompile>
    <ClCompile Include="SRC\COMMON\FILEUTIL.C">
      <Filter>Source Code\Source Files\COMMON</Filter>
    </ClCompile>
    <ClCompile Include="SRC\COMMON\GRDETECT.C">
      <Filter>Source Code\Source Files\COMMON</Filter>
    </ClCompile>
    <ClCompile Include="SRC\COMMON\SOUND.C">
      <Filter>Source Code\Source Files\COMMON</Filter>
    </ClCompile>
    <ClCompile Include="SRC\COMMON\STAMPDAT.C">
      <Filter>Source Code\Source Files\COMMON</Filter>
    </ClCompile>
    <ClCompile Include="SRC\COMMON\TCONV.C">
      <Filter>Source Code\Source Files\COMMON</Filter>
    </ClCompile>
    <ClCompile Include="SRC\COMMON\TUTIL1.C">
      <Filter>Source Code\Source Files\COMMON</Filter>
    </ClCompile>
    <ClCompile Include="SRC\SCUP\24PINS.C">
      <Filter>Source Code\Source Files\SCUP</Filter>
    </ClCompile>
    <ClCompile Include="SRC\SCUP\ATTR.C">
      <Filter>Source Code\Source Files\SCUP</Filter>
    </ClCompile>
    <ClCompile Include="SRC\SCUP\CPI.C">
      <Filter>Source Code\Source Files\SCUP</Filter>
    </ClCompile>
    <ClCompile Include="SRC\SCUP\CPTHAI.C">
      <Filter>Source Code\Source Files\SCUP</Filter>
    </ClCompile>
    <ClCompile Include="SRC\SCUP\CUPSETUP.C">
      <Filter>Source Code\Source Files\SCUP</Filter>
    </ClCompile>
    <ClCompile Include="SRC\SCUP\DOT.C">
      <Filter>Source Code\Source Files\SCUP</Filter>
    </ClCompile>
    <ClCompile Include="SRC\SCUP\ERROR.C">
      <Filter>Source Code\Source Files\SCUP</Filter>
    </ClCompile>
    <ClCompile Include="SRC\SCUP\GETSTR.C">
      <Filter>Source Code\Source Files\SCUP</Filter>
    </ClCompile>
    <ClCompile Include="SRC\SCUP\GLOBAL.C">
      <Filter>Source Code\Source Files\SCUP</Filter>
    </ClCompile>
    <ClCompile Include="SRC\SCUP\KBD.C">
      <Filter>Source Code\Source Files\SCUP</Filter>
    </ClCompile>
    <ClCompile Include="SRC\SCUP\LDFONT.C">
      <Filter>Source Code\Source Files\SCUP</Filter>
    </ClCompile>
    <ClCompile Include="SRC\SCUP\PCONFIG.C">
      <Filter>Source Code\Source Files\SCUP</Filter>
    </ClCompile>
    <ClCompile Include="SRC\SCUP\PIC.C">
      <Filter>Source Code\Source Files\SCUP</Filter>
    </ClCompile>
    <ClCompile Include="SRC\SCUP\PMENU.C">
      <Filter>Source Code\Source Files\SCUP</Filter>
    </ClCompile>
    <ClCompile Include="SRC\SCUP\PREPROC.C">
      <Filter>Source Code\Source Files\SCUP</Filter>
    </ClCompile>
    <ClCompile Include="SRC\SCUP\PRINTING.C">
      <Filter>Source Code\Source Files\SCUP</Filter>
    </ClCompile>
    <ClCompile Include="SRC\SCUP\PRNCNTRL.C">
      <Filter>Source Code\Source Files\SCUP</Filter>
    </ClCompile>
    <ClCompile Include="SRC\SCUP\PRT.C">
      <Filter>Source Code\Source Files\SCUP</Filter>
    </ClCompile>
    <ClCompile Include="SRC\SCUP\PRTBUF24.C">
      <Filter>Source Code\Source Files\SCUP</Filter>
    </ClCompile>
    <ClCompile Include="SRC\SCUP\PRTG.C">
      <Filter>Source Code\Source Files\SCUP</Filter>
    </ClCompile>
    <ClCompile Include="SRC\SCUP\PRTT.C">
      <Filter>Source Code\Source Files\SCUP</Filter>
    </ClCompile>
    <ClCompile Include="SRC\SCUP\PRTUTIL.C">
      <Filter>Source Code\Source Files\SCUP</Filter>
    </ClCompile>
    <ClCompile Include="SRC\SCUP\SMENU.C">
      <Filter>Source Code\Source Files\SCUP</Filter>
    </ClCompile>
    <ClCompile Include="SRC\SCUP\TUTIL1.C">
      <Filter>Source Code\Source Files\SCUP</Filter>
    </ClCompile>
    <ClCompile Include="SRC\SCUF\CONVERT.C">
      <Filter>Source Code\Source Files\SCUF</Filter>
    </ClCompile>
    <ClCompile Include="SRC\SCUF\CUFSETUP.C">
      <Filter>Source Code\Source Files\SCUF</Filter>
    </ClCompile>
    <ClCompile Include="SRC\SCUF\FED.C">
      <Filter>Source Code\Source Files\SCUF</Filter>
    </ClCompile>
    <ClCompile Include="SRC\SCUF\FILE.C">
      <Filter>Source Code\Source Files\SCUF</Filter>
    </ClCompile>
    <ClCompile Include="SRC\SCUF\FONTMSG.C">
      <Filter>Source Code\Source Files\SCUF</Filter>
    </ClCompile>
    <ClCompile Include="SRC\SCUF\GETCH.C">
      <Filter>Source Code\Source Files\SCUF</Filter>
    </ClCompile>
    <ClCompile Include="SRC\SCUF\GETSTR.C">
      <Filter>Source Code\Source Files\SCUF</Filter>
    </ClCompile>
    <ClCompile Include="SRC\SCUF\INT.C">
      <Filter>Source Code\Source Files\SCUF</Filter>
    </ClCompile>
    <ClCompile Include="SRC\SCUF\KBD.C">
      <Filter>Source Code\Source Files\SCUF</Filter>
    </ClCompile>
    <ClCompile Include="SRC\SCUF\POPUP.C">
      <Filter>Source Code\Source Files\SCUF</Filter>
    </ClCompile>
    <ClCompile Include="SRC\SCUF\TUTIL1.C">
      <Filter>Source Code\Source Files\SCUF</Filter>
    </ClCompile>
    <ClCompile Include="SRC\SCUF\WRITE.C">
      <Filter>Source Code\Source Files\SCUF</Filter>
    </ClCompile>
    <ClCompile Include="SRC\SCUW\BLOCK.C">
      <Filter>Source Code\Source Files\SCUW</Filter>
    </ClCompile>
    <ClCompile Include="SRC\SCUW\CW.C">
      <Filter>Source Code\Source Files\SCUW</Filter>
    </ClCompile>
    <ClCompile Include="SRC\SCUW\CWSETUP.C">
      <Filter>Source Code\Source Files\SCUW</Filter>
    </ClCompile>
    <ClCompile Include="SRC\SCUW\DEL.C">
      <Filter>Source Code\Source Files\SCUW</Filter>
    </ClCompile>
    <ClCompile Include="SRC\SCUW\EDIT.C">
      <Filter>Source Code\Source Files\SCUW</Filter>
    </ClCompile>
    <ClCompile Include="SRC\SCUW\FILE.C">
      <Filter>Source Code\Source Files\SCUW</Filter>
    </ClCompile>
    <ClCompile Include="SRC\SCUW\GETSTR.C">
      <Filter>Source Code\Source Files\SCUW</Filter>
    </ClCompile>
    <ClCompile Include="SRC\SCUW\GRPH.C">
      <Filter>Source Code\Source Files\SCUW</Filter>
    </ClCompile>
    <ClCompile Include="SRC\SCUW\INS.C">
      <Filter>Source Code\Source Files\SCUW</Filter>
    </ClCompile>
    <ClCompile Include="SRC\SCUW\KBD.C">
      <Filter>Source Code\Source Files\SCUW</Filter>
    </ClCompile>
    <ClCompile Include="SRC\SCUW\MENU.C">
      <Filter>Source Code\Source Files\SCUW</Filter>
    </ClCompile>
    <ClCompile Include="SRC\SCUW\MOVE.C">
      <Filter>Source Code\Source Files\SCUW</Filter>
    </ClCompile>
    <ClCompile Include="SRC\SCUW\MOVEMENT.C">
      <Filter>Source Code\Source Files\SCUW</Filter>
    </ClCompile>
    <ClCompile Include="SRC\SCUW\ONSCRN.C">
      <Filter>Source Code\Source Files\SCUW</Filter>
    </ClCompile>
    <ClCompile Include="SRC\SCUW\SCRN.C">
      <Filter>Source Code\Source Files\SCUW</Filter>
    </ClCompile>
    <ClCompile Include="SRC\SCUW\SEARCH.C">
      <Filter>Source Code\Source Files\SCUW</Filter>
    </ClCompile>
    <ClCompile Include="SRC\SCUW\STATUS.C">
      <Filter>Source Code\Source Files\SCUW</Filter>
    </ClCompile>
    <ClCompile Include="SRC\SCUW\TUTIL1.C">
      <Filter>Source Code\Source Files\SCUW</Filter>
    </ClCompile>
    <ClCompile Include="SRC\SCUW\WRAP.C">
      <Filter>Source Code\Source Files\SCUW</Filter>
    </ClCompile>
    <ClCompile Include="SRC\SCUW\THAISYLS\HOREHEEB.C">
      <Filter>Source Code\Source Files\SCUW\THAISYLS</Filter>
    </ClCompile>
    <ClCompile Include="SRC\SCUW\THAISYLS\HUNAKAD.C">
      <Filter>Source Code\Source Files\SCUW\THAISYLS</Filter>
    </ClCompile>
    <ClCompile Include="SRC\SCUW\THAISYLS\JULCUT.C">
      <Filter>Source Code\Source Files\SCUW\THAISYLS</Filter>
    </ClCompile>
    <ClCompile Include="SRC\SCUW\THAISYLS\KARAN.C">
      <Filter>Source Code\Source Files\SCUW\THAISYLS</Filter>
    </ClCompile>
    <ClCompile Include="SRC\SCUW\THAISYLS\LEADCON.C">
      <Filter>Source Code\Source Files\SCUW\THAISYLS</Filter>
    </ClCompile>
    <ClCompile Include="SRC\SCUW\THAISYLS\MAIMALAI.C">
      <Filter>Source Code\Source Files\SCUW\THAISYLS</Filter>
    </ClCompile>
    <ClCompile Include="SRC\SCUW\THAISYLS\MAIMUAN.C">
      <Filter>Source Code\Source Files\SCUW\THAISYLS</Filter>
    </ClCompile>
    <ClCompile Include="SRC\SCUW\THAISYLS\MAINSYLS.C">
      <Filter>Source Code\Source Files\SCUW\THAISYLS</Filter>
    </ClCompile>
    <ClCompile Include="SRC\SCUW\THAISYLS\NOPCUT.C">
      <Filter>Source Code\Source Files\SCUW\THAISYLS</Filter>
    </ClCompile>
    <ClCompile Include="SRC\SCUW\THAISYLS\ROREREO.C">
      <Filter>Source Code\Source Files\SCUW\THAISYLS</Filter>
    </ClCompile>
    <ClCompile Include="SRC\SCUW\THAISYLS\RORERU.C">
      <Filter>Source Code\Source Files\SCUW\THAISYLS</Filter>
    </ClCompile>
    <ClCompile Include="SRC\SCUW\THAISYLS\SARAA.C">
      <Filter>Source Code\Source Files\SCUW\THAISYLS</Filter>
    </ClCompile>
    <ClCompile Include="SRC\SCUW\THAISYLS\SARAAH.C">
      <Filter>Source Code\Source Files\SCUW\THAISYLS</Filter>
    </ClCompile>
    <ClCompile Include="SRC\SCUW\THAISYLS\SARAAIR.C">
      <Filter>Source Code\Source Files\SCUW\THAISYLS</Filter>
    </ClCompile>
    <ClCompile Include="SRC\SCUW\THAISYLS\SARAIE.C">
      <Filter>Source Code\Source Files\SCUW\THAISYLS</Filter>
    </ClCompile>
    <ClCompile Include="SRC\SCUW\THAISYLS\SARAO.C">
      <Filter>Source Code\Source Files\SCUW\THAISYLS</Filter>
    </ClCompile>
    <ClCompile Include="SRC\SCUW\THAISYLS\SARAR.C">
      <Filter>Source Code\Source Files\SCUW\THAISYLS</Filter>
    </ClCompile>
    <ClCompile Include="SRC\SCUW\THAISYLS\SARAU.C">
      <Filter>Source Code\Source Files\SCUW\THAISYLS</Filter>
    </ClCompile>
    <ClCompile Include="SRC\SCUW\THAISYLS\SARAUE.C">
      <Filter>Source Code\Source Files\SCUW\THAISYLS</Filter>
    </ClCompile>
    <ClCompile Include="SRC\SCUW\THAISYLS\SARAUEE.C">
      <Filter>Source Code\Source Files\SCUW\THAISYLS</Filter>
    </ClCompile>
    <ClCompile Include="SRC\SCUW\THAISYLS\SARAUM.C">
      <Filter>Source Code\Source Files\SCUW\THAISYLS</Filter>
    </ClCompile>
    <ClCompile Include="SRC\SCUW\THAISYLS\THAIENG.C">
      <Filter>Source Code\Source Files\SCUW\THAISYLS</Filter>
    </ClCompile>
    <ClCompile Include="SRC\SCUW\THAISYLS\WOREWAAN.C">
      <Filter>Source Code\Source Files\SCUW\THAISYLS</Filter>
    </ClCompile>
    <ClCompile Include="SRC\SCUW\THAISYLS\FINDCHAR.C">
      <Filter>Source Code\Source Files\SCUW\THAISYLS</Filter>
    </ClCompile>
    <ClCompile Include="SRC\SCUW\THAISYLS\GLOBAL.C">
      <Filter>Source Code\Source Files\SCUW\THAISYLS</Filter>
    </ClCompile>
    <ClCompile Include="SRC\SCUW\THAISYLS\NSTRCMP.C">
      <Filter>Source Code\Source Files\SCUW\THAISYLS</Filter>
    </ClCompile>
  </ItemGroup>
</Project>