<?xml version="1.0" encoding="utf-8"?>
<Project ToolsVersion="4.0" xmlns="http://schemas.microsoft.com/developer/msbuild/2003">
  <ItemGroup>
    <Filter Include="Fonts">
      <UniqueIdentifier>{67DA6AB6-F800-4c08-8B7A-83BB121AAD01}</UniqueIdentifier>
      <Extensions>rc;ico;cur;bmp;dlg;rc2;rct;bin;rgs;gif;jpg;jpeg;jpe;resx;tiff;tif;png;wav;mfcribbon-ms</Extensions>
    </Filter>
    <Filter Include="Documents">
      <UniqueIdentifier>{df3c1deb-ea8f-46d5-9928-c45dc853fcde}</UniqueIdentifier>
    </Filter>
    <Filter Include="Settings">
      <UniqueIdentifier>{6e9a220d-a05b-411a-a9fb-c490ff3e556f}</UniqueIdentifier>
    </Filter>
    <Filter Include="Make Files">
      <UniqueIdentifier>{6fa3afe9-de49-4b77-b893-6f7662f1923a}</UniqueIdentifier>
    </Filter>
    <Filter Include="Header Files">
      <UniqueIdentifier>{93995380-89BD-4b04-88EB-625FBE52EBFB}</UniqueIdentifier>
      <Extensions>h;hh;hpp;hxx;hm;inl;inc;xsd</Extensions>
    </Filter>
    <Filter Include="Source Files">
      <UniqueIdentifier>{4FC737F1-C7A5-4376-A066-2A32D752A2FF}</UniqueIdentifier>
      <Extensions>cpp;c;cc;cxx;def;odl;idl;hpj;bat;asm;asmx</Extensions>
    </Filter>
    <Filter Include="Header Files\THAISYLS">
      <UniqueIdentifier>{519d8861-3eac-44ae-ba85-cb0828959a5b}</UniqueIdentifier>
    </Filter>
    <Filter Include="Make Files\THAISYLS">
      <UniqueIdentifier>{7ac908ec-97cc-492f-b165-6cd636b77bd7}</UniqueIdentifier>
    </Filter>
    <Filter Include="Source Files\THAISYLS">
      <UniqueIdentifier>{a6e1ee76-dda3-4a33-a96d-bc3ad69da171}</UniqueIdentifier>
    </Filter>
  </ItemGroup>
  <ItemGroup>
    <None Include="ITALIC.FON">
      <Filter>Fonts</Filter>
    </None>
    <None Include="NORMAL.FON">
      <Filter>Fonts</Filter>
    </None>
    <None Include="README.md">
      <Filter>Documents</Filter>
    </None>
    <None Include="TAX.DOC">
      <Filter>Documents</Filter>
    </None>
    <None Include="TEST.DOC">
      <Filter>Documents</Filter>
    </None>
    <None Include="TW.CFG">
      <Filter>Settings</Filter>
    </None>
    <None Include="LICENSE">
      <Filter>Documents</Filter>
    </None>
    <None Include="SRC\SCUW\THAISYLS\MAKEFILE.MAK">
      <Filter>Make Files\THAISYLS</Filter>
    </None>
    <None Include="SRC\SCUW\MAKEFILE.MAK">
      <Filter>Make Files</Filter>
    </None>
    <None Include="SRC\SCUW\SCUW.TLR">
      <Filter>Make Files</Filter>
    </None>
  </ItemGroup>
  <ItemGroup>
    <ClInclude Include="SRC\SCUW\THAISYLS\MAINSYLS.H">
      <Filter>Header Files\THAISYLS</Filter>
    </ClInclude>
    <ClInclude Include="SRC\SCUW\THAISYLS\GLOBAL.H">
      <Filter>Header Files\THAISYLS</Filter>
    </ClInclude>
    <ClInclude Include="SRC\SCUW\THAISYLS\ROUTINE.H">
      <Filter>Header Files\THAISYLS</Filter>
    </ClInclude>
    <ClInclude Include="SRC\SCUW\WRAP.H">
      <Filter>Header Files</Filter>
    </ClInclude>
    <ClInclude Include="SRC\SCUW\BLOCK.H">
      <Filter>Header Files</Filter>
    </ClInclude>
    <ClInclude Include="SRC\SCUW\CONST.H">
      <Filter>Header Files</Filter>
    </ClInclude>
    <ClInclude Include="SRC\SCUW\CONVERT.H">
      <Filter>Header Files</Filter>
    </ClInclude>
    <ClInclude Include="SRC\SCUW\CW.H">
      <Filter>Header Files</Filter>
    </ClInclude>
    <ClInclude Include="SRC\SCUW\CWSETUP.H">
      <Filter>Header Files</Filter>
    </ClInclude>
    <ClInclude Include="SRC\SCUW\DEL.H">
      <Filter>Header Files</Filter>
    </ClInclude>
    <ClInclude Include="SRC\SCUW\EDIT.H">
      <Filter>Header Files</Filter>
    </ClInclude>
    <ClInclude Include="SRC\SCUW\FILE.H">
      <Filter>Header Files</Filter>
    </ClInclude>
    <ClInclude Include="SRC\SCUW\GETSTR.H">
      <Filter>Header Files</Filter>
    </ClInclude>
    <ClInclude Include="SRC\SCUW\GRPH.H">
      <Filter>Header Files</Filter>
    </ClInclude>
    <ClInclude Include="SRC\SCUW\INS.H">
      <Filter>Header Files</Filter>
    </ClInclude>
    <ClInclude Include="SRC\SCUW\KBD.H">
      <Filter>Header Files</Filter>
    </ClInclude>
    <ClInclude Include="SRC\SCUW\MENU.H">
      <Filter>Header Files</Filter>
    </ClInclude>
    <ClInclude Include="SRC\SCUW\MOVE.H">
      <Filter>Header Files</Filter>
    </ClInclude>
    <ClInclude Include="SRC\SCUW\MOVEMENT.H">
      <Filter>Header Files</Filter>
    </ClInclude>
    <ClInclude Include="SRC\SCUW\ONSCRN.H">
      <Filter>Header Files</Filter>
    </ClInclude>
    <ClInclude Include="SRC\SCUW\SCRN.H">
      <Filter>Header Files</Filter>
    </ClInclude>
    <ClInclude Include="SRC\SCUW\SEARCH.H">
      <Filter>Header Files</Filter>
    </ClInclude>
    <ClInclude Include="SRC\SCUW\STATUS.H">
      <Filter>Header Files</Filter>
    </ClInclude>
    <ClInclude Include="SRC\SCUW\TCTYPE.H">
      <Filter>Header Files</Filter>
    </ClInclude>
    <ClInclude Include="SRC\SCUW\THAI.H">
      <Filter>Header Files</Filter>
    </ClInclude>
    <ClInclude Include="SRC\SCUW\TUTIL1.H">
      <Filter>Header Files</Filter>
    </ClInclude>
    <ClInclude Include="SRC\SCUW\VAR.H">
      <Filter>Header Files</Filter>
    </ClInclude>
  </ItemGroup>
  <ItemGroup>
    <ClCompile Include="SRC\SCUW\THAISYLS\HOREHEEB.C">
      <Filter>Source Files\THAISYLS</Filter>
    </ClCompile>
    <ClCompile Include="SRC\SCUW\THAISYLS\HUNAKAD.C">
      <Filter>Source Files\THAISYLS</Filter>
    </ClCompile>
    <ClCompile Include="SRC\SCUW\THAISYLS\JULCUT.C">
      <Filter>Source Files\THAISYLS</Filter>
    </ClCompile>
    <ClCompile Include="SRC\SCUW\THAISYLS\KARAN.C">
      <Filter>Source Files\THAISYLS</Filter>
    </ClCompile>
    <ClCompile Include="SRC\SCUW\THAISYLS\LEADCON.C">
      <Filter>Source Files\THAISYLS</Filter>
    </ClCompile>
    <ClCompile Include="SRC\SCUW\THAISYLS\MAIMALAI.C">
      <Filter>Source Files\THAISYLS</Filter>
    </ClCompile>
    <ClCompile Include="SRC\SCUW\THAISYLS\MAIMUAN.C">
      <Filter>Source Files\THAISYLS</Filter>
    </ClCompile>
    <ClCompile Include="SRC\SCUW\THAISYLS\MAINSYLS.C">
      <Filter>Source Files\THAISYLS</Filter>
    </ClCompile>
    <ClCompile Include="SRC\SCUW\THAISYLS\NOPCUT.C">
      <Filter>Source Files\THAISYLS</Filter>
    </ClCompile>
    <ClCompile Include="SRC\SCUW\THAISYLS\ROREREO.C">
      <Filter>Source Files\THAISYLS</Filter>
    </ClCompile>
    <ClCompile Include="SRC\SCUW\THAISYLS\RORERU.C">
      <Filter>Source Files\THAISYLS</Filter>
    </ClCompile>
    <ClCompile Include="SRC\SCUW\THAISYLS\SARAA.C">
      <Filter>Source Files\THAISYLS</Filter>
    </ClCompile>
    <ClCompile Include="SRC\SCUW\THAISYLS\SARAAH.C">
      <Filter>Source Files\THAISYLS</Filter>
    </ClCompile>
    <ClCompile Include="SRC\SCUW\THAISYLS\SARAAIR.C">
      <Filter>Source Files\THAISYLS</Filter>
    </ClCompile>
    <ClCompile Include="SRC\SCUW\THAISYLS\SARAIE.C">
      <Filter>Source Files\THAISYLS</Filter>
    </ClCompile>
    <ClCompile Include="SRC\SCUW\THAISYLS\SARAO.C">
      <Filter>Source Files\THAISYLS</Filter>
    </ClCompile>
    <ClCompile Include="SRC\SCUW\THAISYLS\SARAR.C">
      <Filter>Source Files\THAISYLS</Filter>
    </ClCompile>
    <ClCompile Include="SRC\SCUW\THAISYLS\SARAU.C">
      <Filter>Source Files\THAISYLS</Filter>
    </ClCompile>
    <ClCompile Include="SRC\SCUW\THAISYLS\SARAUE.C">
      <Filter>Source Files\THAISYLS</Filter>
    </ClCompile>
    <ClCompile Include="SRC\SCUW\THAISYLS\SARAUEE.C">
      <Filter>Source Files\THAISYLS</Filter>
    </ClCompile>
    <ClCompile Include="SRC\SCUW\THAISYLS\SARAUM.C">
      <Filter>Source Files\THAISYLS</Filter>
    </ClCompile>
    <ClCompile Include="SRC\SCUW\THAISYLS\THAIENG.C">
      <Filter>Source Files\THAISYLS</Filter>
    </ClCompile>
    <ClCompile Include="SRC\SCUW\THAISYLS\WOREWAAN.C">
      <Filter>Source Files\THAISYLS</Filter>
    </ClCompile>
    <ClCompile Include="SRC\SCUW\THAISYLS\FINDCHAR.C">
      <Filter>Source Files\THAISYLS</Filter>
    </ClCompile>
    <ClCompile Include="SRC\SCUW\THAISYLS\GLOBAL.C">
      <Filter>Source Files\THAISYLS</Filter>
    </ClCompile>
    <ClCompile Include="SRC\SCUW\THAISYLS\NSTRCMP.C">
      <Filter>Source Files\THAISYLS</Filter>
    </ClCompile>
    <ClCompile Include="SRC\SCUW\BLOCK.C">
      <Filter>Source Files</Filter>
    </ClCompile>
    <ClCompile Include="SRC\SCUW\CW.C">
      <Filter>Source Files</Filter>
    </ClCompile>
    <ClCompile Include="SRC\SCUW\CWSETUP.C">
      <Filter>Source Files</Filter>
    </ClCompile>
    <ClCompile Include="SRC\SCUW\DEL.C">
      <Filter>Source Files</Filter>
    </ClCompile>
    <ClCompile Include="SRC\SCUW\EDIT.C">
      <Filter>Source Files</Filter>
    </ClCompile>
    <ClCompile Include="SRC\SCUW\FILE.C">
      <Filter>Source Files</Filter>
    </ClCompile>
    <ClCompile Include="SRC\SCUW\GETSTR.C">
      <Filter>Source Files</Filter>
    </ClCompile>
    <ClCompile Include="SRC\SCUW\GRPH.C">
      <Filter>Source Files</Filter>
    </ClCompile>
    <ClCompile Include="SRC\SCUW\INS.C">
      <Filter>Source Files</Filter>
    </ClCompile>
    <ClCompile Include="SRC\SCUW\KBD.C">
      <Filter>Source Files</Filter>
    </ClCompile>
    <ClCompile Include="SRC\SCUW\MENU.C">
      <Filter>Source Files</Filter>
    </ClCompile>
    <ClCompile Include="SRC\SCUW\MOVE.C">
      <Filter>Source Files</Filter>
    </ClCompile>
    <ClCompile Include="SRC\SCUW\MOVEMENT.C">
      <Filter>Source Files</Filter>
    </ClCompile>
    <ClCompile Include="SRC\SCUW\ONSCRN.C">
      <Filter>Source Files</Filter>
    </ClCompile>
    <ClCompile Include="SRC\SCUW\SCRN.C">
      <Filter>Source Files</Filter>
    </ClCompile>
    <ClCompile Include="SRC\SCUW\SEARCH.C">
      <Filter>Source Files</Filter>
    </ClCompile>
    <ClCompile Include="SRC\SCUW\STATUS.C">
      <Filter>Source Files</Filter>
    </ClCompile>
    <ClCompile Include="SRC\SCUW\TUTIL1.C">
      <Filter>Source Files</Filter>
    </ClCompile>
    <ClCompile Include="SRC\SCUW\WRAP.C">
      <Filter>Source Files</Filter>
    </ClCompile>
  </ItemGroup>
</Project>