<?xml version="1.0" encoding="utf-8"?>
<Project ToolsVersion="4.0" xmlns="http://schemas.microsoft.com/developer/msbuild/2003">
  <ItemGroup>
    <Filter Include="Fonts">
      <UniqueIdentifier>{67DA6AB6-F800-4c08-8B7A-83BB121AAD01}</UniqueIdentifier>
      <Extensions>rc;ico;cur;bmp;dlg;rc2;rct;bin;rgs;gif;jpg;jpeg;jpe;resx;tiff;tif;png;wav;mfcribbon-ms</Extensions>
    </Filter>
    <Filter Include="Make Files">
      <UniqueIdentifier>{6fa3afe9-de49-4b77-b893-6f7662f1923a}</UniqueIdentifier>
    </Filter>
    <Filter Include="Header Files">
      <UniqueIdentifier>{93995380-89BD-4b04-88EB-625FBE52EBFB}</UniqueIdentifier>
      <Extensions>h;hh;hpp;hxx;hm;inl;inc;xsd</Extensions>
    </Filter>
    <Filter Include="Source Files">
      <UniqueIdentifier>{4FC737F1-C7A5-4376-A066-2A32D752A2FF}</UniqueIdentifier>
      <Extensions>cpp;c;cc;cxx;def;odl;idl;hpj;bat;asm;asmx</Extensions>
    </Filter>
  </ItemGroup>
  <ItemGroup>
    <None Include="ITALIC.FON">
      <Filter>Fonts</Filter>
    </None>
    <None Include="NORMAL.FON">
      <Filter>Fonts</Filter>
    </None>
    <None Include="ITALIC.P9">
      <Filter>Fonts</Filter>
    </None>
    <None Include="ITALICS.P9">
      <Filter>Fonts</Filter>
    </None>
    <None Include="NORMAL.P9">
      <Filter>Fonts</Filter>
    </None>
    <None Include="NORMALS.P9">
      <Filter>Fonts</Filter>
    </None>
    <None Include="ITALIC.P24">
      <Filter>Fonts</Filter>
    </None>
    <None Include="ITALICS.P24">
      <Filter>Fonts</Filter>
    </None>
    <None Include="NORMAL.P24">
      <Filter>Fonts</Filter>
    </None>
    <None Include="NORMALS.P24">
      <Filter>Fonts</Filter>
    </None>
    <None Include="SRC\SCUF\MAKEFILE.MAK">
      <Filter>Make Files</Filter>
    </None>
    <None Include="SRC\SCUF\SCUF.TLR">
      <Filter>Make Files</Filter>
    </None>
  </ItemGroup>
  <ItemGroup>
    <ClInclude Include="SRC\SCUF\WRITE.H">
      <Filter>Header Files</Filter>
    </ClInclude>
    <ClInclude Include="SRC\SCUF\CONVERT.H">
      <Filter>Header Files</Filter>
    </ClInclude>
    <ClInclude Include="SRC\SCUF\CUFSETUP.H">
      <Filter>Header Files</Filter>
    </ClInclude>
    <ClInclude Include="SRC\SCUF\FED.H">
      <Filter>Header Files</Filter>
    </ClInclude>
    <ClInclude Include="SRC\SCUF\FILE.H">
      <Filter>Header Files</Filter>
    </ClInclude>
    <ClInclude Include="SRC\SCUF\FONTMSG.H">
      <Filter>Header Files</Filter>
    </ClInclude>
    <ClInclude Include="SRC\SCUF\GETCH.H">
      <Filter>Header Files</Filter>
    </ClInclude>
    <ClInclude Include="SRC\SCUF\INT.H">
      <Filter>Header Files</Filter>
    </ClInclude>
    <ClInclude Include="SRC\SCUF\KEY.H">
      <Filter>Header Files</Filter>
    </ClInclude>
    <ClInclude Include="SRC\SCUF\POPUP.H">
      <Filter>Header Files</Filter>
    </ClInclude>
    <ClInclude Include="SRC\SCUF\VAR.H">
      <Filter>Header Files</Filter>
    </ClInclude>
  </ItemGroup>
  <ItemGroup>
    <ClCompile Include="SRC\SCUF\CONVERT.C">
      <Filter>Source Files</Filter>
    </ClCompile>
    <ClCompile Include="SRC\SCUF\CUFSETUP.C">
      <Filter>Source Files</Filter>
    </ClCompile>
    <ClCompile Include="SRC\SCUF\FED.C">
      <Filter>Source Files</Filter>
    </ClCompile>
    <ClCompile Include="SRC\SCUF\FILE.C">
      <Filter>Source Files</Filter>
    </ClCompile>
    <ClCompile Include="SRC\SCUF\FONTMSG.C">
      <Filter>Source Files</Filter>
    </ClCompile>
    <ClCompile Include="SRC\SCUF\GETCH.C">
      <Filter>Source Files</Filter>
    </ClCompile>
    <ClCompile Include="SRC\SCUF\INT.C">
      <Filter>Source Files</Filter>
    </ClCompile>
    <ClCompile Include="SRC\SCUF\POPUP.C">
      <Filter>Source Files</Filter>
    </ClCompile>
    <ClCompile Include="SRC\SCUF\WRITE.C">
      <Filter>Source Files</Filter>
    </ClCompile>
  </ItemGroup>
</Project>