<?xml version="1.0" encoding="utf-8"?>
<Project ToolsVersion="4.0" xmlns="http://schemas.microsoft.com/developer/msbuild/2003">
  <ItemGroup>
    <Filter Include="Fonts">
      <UniqueIdentifier>{67DA6AB6-F800-4c08-8B7A-83BB121AAD01}</UniqueIdentifier>
      <Extensions>rc;ico;cur;bmp;dlg;rc2;rct;bin;rgs;gif;jpg;jpeg;jpe;resx;tiff;tif;png;wav;mfcribbon-ms</Extensions>
    </Filter>
    <Filter Include="Settings">
      <UniqueIdentifier>{6e9a220d-a05b-411a-a9fb-c490ff3e556f}</UniqueIdentifier>
    </Filter>
    <Filter Include="Make Files">
      <UniqueIdentifier>{6fa3afe9-de49-4b77-b893-6f7662f1923a}</UniqueIdentifier>
    </Filter>
    <Filter Include="Header Files">
      <UniqueIdentifier>{93995380-89BD-4b04-88EB-625FBE52EBFB}</UniqueIdentifier>
      <Extensions>h;hh;hpp;hxx;hm;inl;inc;xsd</Extensions>
    </Filter>
    <Filter Include="Source Files">
      <UniqueIdentifier>{4FC737F1-C7A5-4376-A066-2A32D752A2FF}</UniqueIdentifier>
      <Extensions>cpp;c;cc;cxx;def;odl;idl;hpj;bat;asm;asmx</Extensions>
    </Filter>
  </ItemGroup>
  <ItemGroup>
    <None Include="ITALIC.FON">
      <Filter>Fonts</Filter>
    </None>
    <None Include="NORMAL.FON">
      <Filter>Fonts</Filter>
    </None>
    <None Include="ITALIC.P9">
      <Filter>Fonts</Filter>
    </None>
    <None Include="ITALICS.P9">
      <Filter>Fonts</Filter>
    </None>
    <None Include="NORMAL.P9">
      <Filter>Fonts</Filter>
    </None>
    <None Include="NORMALS.P9">
      <Filter>Fonts</Filter>
    </None>
    <None Include="ITALIC.P24">
      <Filter>Fonts</Filter>
    </None>
    <None Include="ITALICS.P24">
      <Filter>Fonts</Filter>
    </None>
    <None Include="NORMAL.P24">
      <Filter>Fonts</Filter>
    </None>
    <None Include="NORMALS.P24">
      <Filter>Fonts</Filter>
    </None>
    <None Include="TWPRINT.CFG">
      <Filter>Settings</Filter>
    </None>
    <None Include="SRC\SCUP\MAKEFILE.MAK">
      <Filter>Make Files</Filter>
    </None>
    <None Include="SRC\SCUP\SCUP.TLR">
      <Filter>Make Files</Filter>
    </None>
  </ItemGroup>
  <ItemGroup>
    <ClInclude Include="SRC\SCUP\24PINS.H">
      <Filter>Header Files</Filter>
    </ClInclude>
    <ClInclude Include="SRC\SCUP\ATTR.H">
      <Filter>Header Files</Filter>
    </ClInclude>
    <ClInclude Include="SRC\SCUP\CONST.H">
      <Filter>Header Files</Filter>
    </ClInclude>
    <ClInclude Include="SRC\SCUP\CPI.H">
      <Filter>Header Files</Filter>
    </ClInclude>
    <ClInclude Include="SRC\SCUP\CPTHAI.H">
      <Filter>Header Files</Filter>
    </ClInclude>
    <ClInclude Include="SRC\SCUP\CUPSETUP.H">
      <Filter>Header Files</Filter>
    </ClInclude>
    <ClInclude Include="SRC\SCUP\CUPTYPE.H">
      <Filter>Header Files</Filter>
    </ClInclude>
    <ClInclude Include="SRC\SCUP\DOT.H">
      <Filter>Header Files</Filter>
    </ClInclude>
    <ClInclude Include="SRC\SCUP\ERROR.H">
      <Filter>Header Files</Filter>
    </ClInclude>
    <ClInclude Include="SRC\SCUP\FUNCMAC.H">
      <Filter>Header Files</Filter>
    </ClInclude>
    <ClInclude Include="SRC\SCUP\GLOBAL.H">
      <Filter>Header Files</Filter>
    </ClInclude>
    <ClInclude Include="SRC\SCUP\PIC.H">
      <Filter>Header Files</Filter>
    </ClInclude>
    <ClInclude Include="SRC\SCUP\PMENU.H">
      <Filter>Header Files</Filter>
    </ClInclude>
    <ClInclude Include="SRC\SCUP\PRINTING.H">
      <Filter>Header Files</Filter>
    </ClInclude>
    <ClInclude Include="SRC\SCUP\PRNCNTRL.H">
      <Filter>Header Files</Filter>
    </ClInclude>
    <ClInclude Include="SRC\SCUP\PRT.H">
      <Filter>Header Files</Filter>
    </ClInclude>
    <ClInclude Include="SRC\SCUP\PRTBUF24.H">
      <Filter>Header Files</Filter>
    </ClInclude>
    <ClInclude Include="SRC\SCUP\PRTG.H">
      <Filter>Header Files</Filter>
    </ClInclude>
    <ClInclude Include="SRC\SCUP\PRTT.H">
      <Filter>Header Files</Filter>
    </ClInclude>
    <ClInclude Include="SRC\SCUP\PRTUTIL.H">
      <Filter>Header Files</Filter>
    </ClInclude>
    <ClInclude Include="SRC\SCUP\SMENU.H">
      <Filter>Header Files</Filter>
    </ClInclude>
    <ClInclude Include="SRC\SCUP\TABLE.H">
      <Filter>Header Files</Filter>
    </ClInclude>
    <ClInclude Include="SRC\SCUP\PREPROC.H">
      <Filter>Header Files</Filter>
    </ClInclude>
  </ItemGroup>
  <ItemGroup>
    <ClCompile Include="SRC\SCUP\24PINS.C">
      <Filter>Source Files</Filter>
    </ClCompile>
    <ClCompile Include="SRC\SCUP\ATTR.C">
      <Filter>Source Files</Filter>
    </ClCompile>
    <ClCompile Include="SRC\SCUP\CPI.C">
      <Filter>Source Files</Filter>
    </ClCompile>
    <ClCompile Include="SRC\SCUP\CPTHAI.C">
      <Filter>Source Files</Filter>
    </ClCompile>
    <ClCompile Include="SRC\SCUP\CUPSETUP.C">
      <Filter>Source Files</Filter>
    </ClCompile>
    <ClCompile Include="SRC\SCUP\DOT.C">
      <Filter>Source Files</Filter>
    </ClCompile>
    <ClCompile Include="SRC\SCUP\ERROR.C">
      <Filter>Source Files</Filter>
    </ClCompile>
    <ClCompile Include="SRC\SCUP\GLOBAL.C">
      <Filter>Source Files</Filter>
    </ClCompile>
    <ClCompile Include="SRC\SCUP\PIC.C">
      <Filter>Source Files</Filter>
    </ClCompile>
    <ClCompile Include="SRC\SCUP\PMENU.C">
      <Filter>Source Files</Filter>
    </ClCompile>
    <ClCompile Include="SRC\SCUP\PREPROC.C">
      <Filter>Source Files</Filter>
    </ClCompile>
    <ClCompile Include="SRC\SCUP\PRINTING.C">
      <Filter>Source Files</Filter>
    </ClCompile>
    <ClCompile Include="SRC\SCUP\PRNCNTRL.C">
      <Filter>Source Files</Filter>
    </ClCompile>
    <ClCompile Include="SRC\SCUP\PRT.C">
      <Filter>Source Files</Filter>
    </ClCompile>
    <ClCompile Include="SRC\SCUP\PRTBUF24.C">
      <Filter>Source Files</Filter>
    </ClCompile>
    <ClCompile Include="SRC\SCUP\PRTG.C">
      <Filter>Source Files</Filter>
    </ClCompile>
    <ClCompile Include="SRC\SCUP\PRTT.C">
      <Filter>Source Files</Filter>
    </ClCompile>
    <ClCompile Include="SRC\SCUP\PRTUTIL.C">
      <Filter>Source Files</Filter>
    </ClCompile>
    <ClCompile Include="SRC\SCUP\SMENU.C">
      <Filter>Source Files</Filter>
    </ClCompile>
  </ItemGroup>
</Project>